
Microsoft Visual Studio Solution File, Format Version 12.00
# Visual Studio Version 17
VisualStudioVersion = 17.0.32002.185
MinimumVisualStudioVersion = 10.0.40219.1
Project("{888888A0-9F3D-457C-B088-3A5042F75D52}") = "Army_Calculator", "Army_Calculator.pyproj", "{87E1721F-7FBF-4584-88A5-E762B15C4E7C}"
EndProject
Global
	GlobalSection(SolutionConfigurationPlatforms) = preSolution
		Debug|Any CPU = Debug|Any CPU
		Release|Any CPU = Release|Any CPU
	EndGlobalSection
	GlobalSection(ProjectConfigurationPlatforms) = postSolution
		{87E1721F-7FBF-4584-88A5-E762B15C4E7C}.Debug|Any CPU.ActiveCfg = Debug|Any CPU
		{87E1721F-7FBF-4584-88A5-E762B15C4E7C}.Debug|Any CPU.Build.0 = Debug|Any CPU
		{87E1721F-7FBF-4584-88A5-E762B15C4E7C}.Release|Any CPU.ActiveCfg = Release|Any CPU
		{87E1721F-7FBF-4584-88A5-E762B15C4E7C}.Release|Any CPU.Build.0 = Release|Any CPU
	EndGlobalSection
	GlobalSection(SolutionProperties) = preSolution
		HideSolutionNode = FALSE
	EndGlobalSection
	GlobalSection(ExtensibilityGlobals) = postSolution
		SolutionGuid = {F9CBB4DC-D775-4071-AAED-6547A578DB05}
	EndGlobalSection
EndGlobal
